// !$*UTF8*$!
{
	archiveVersion = 1;
	classes = {
	};
	objectVersion = 46;
	objects = {

/* Begin PBXBuildFile section */
		8FDEE1991A78CF1300EC3762 /* main.m in Sources */ = {isa = PBXBuildFile; fileRef = 8FDEE1981A78CF1300EC3762 /* main.m */; };
		8FDEE19C1A78CF1300EC3762 /* AppDelegate.m in Sources */ = {isa = PBXBuildFile; fileRef = 8FDEE19B1A78CF1300EC3762 /* AppDelegate.m */; };
		8FDEE19F1A78CF1300EC3762 /* Home.m in Sources */ = {isa = PBXBuildFile; fileRef = 8FDEE19E1A78CF1300EC3762 /* Home.m */; };
		8FDEE1A21A78CF1300EC3762 /* Main.storyboard in Resources */ = {isa = PBXBuildFile; fileRef = 8FDEE1A01A78CF1300EC3762 /* Main.storyboard */; };
		8FDEE1A41A78CF1300EC3762 /* Images.xcassets in Resources */ = {isa = PBXBuildFile; fileRef = 8FDEE1A31A78CF1300EC3762 /* Images.xcassets */; };
		8FDEE1A71A78CF1300EC3762 /* LaunchScreen.xib in Resources */ = {isa = PBXBuildFile; fileRef = 8FDEE1A51A78CF1300EC3762 /* LaunchScreen.xib */; };
		8FDEE1B31A78CF1300EC3762 /* AgendaTests.m in Sources */ = {isa = PBXBuildFile; fileRef = 8FDEE1B21A78CF1300EC3762 /* AgendaTests.m */; };
		8FDEE1BE1A78D69B00EC3762 /* contact-icon.png in Resources */ = {isa = PBXBuildFile; fileRef = 8FDEE1BD1A78D69B00EC3762 /* contact-icon.png */; };
		8FDEE1C01A78D78800EC3762 /* blur.jpg in Resources */ = {isa = PBXBuildFile; fileRef = 8FDEE1BF1A78D78800EC3762 /* blur.jpg */; };
		8FDEE1C31A78D89700EC3762 /* AltaForm.m in Sources */ = {isa = PBXBuildFile; fileRef = 8FDEE1C21A78D89700EC3762 /* AltaForm.m */; };
		8FDEE1C51A78DA0A00EC3762 /* arrow-back-icon.png in Resources */ = {isa = PBXBuildFile; fileRef = 8FDEE1C41A78DA0A00EC3762 /* arrow-back-icon.png */; };
		8FDEE1C81A78DBA800EC3762 /* EliminaForm.m in Sources */ = {isa = PBXBuildFile; fileRef = 8FDEE1C71A78DBA800EC3762 /* EliminaForm.m */; };
		8FDEE1CB1A78DC9D00EC3762 /* EditaForm.m in Sources */ = {isa = PBXBuildFile; fileRef = 8FDEE1CA1A78DC9D00EC3762 /* EditaForm.m */; };
		8FDEE1CE1A78DDD000EC3762 /* ListadoForm.m in Sources */ = {isa = PBXBuildFile; fileRef = 8FDEE1CD1A78DDD000EC3762 /* ListadoForm.m */; };
/* End PBXBuildFile section */

/* Begin PBXContainerItemProxy section */
		8FDEE1AD1A78CF1300EC3762 /* PBXContainerItemProxy */ = {
			isa = PBXContainerItemProxy;
			containerPortal = 8FDEE18B1A78CF1300EC3762 /* Project object */;
			proxyType = 1;
			remoteGlobalIDString = 8FDEE1921A78CF1300EC3762;
			remoteInfo = Agenda;
		};
/* End PBXContainerItemProxy section */

/* Begin PBXFileReference section */
		8FDEE1931A78CF1300EC3762 /* Agenda.app */ = {isa = PBXFileReference; explicitFileType = wrapper.application; includeInIndex = 0; path = Agenda.app; sourceTree = BUILT_PRODUCTS_DIR; };
		8FDEE1971A78CF1300EC3762 /* Info.plist */ = {isa = PBXFileReference; lastKnownFileType = text.plist.xml; path = Info.plist; sourceTree = "<group>"; };
		8FDEE1981A78CF1300EC3762 /* main.m */ = {isa = PBXFileReference; lastKnownFileType = sourcecode.c.objc; path = main.m; sourceTree = "<group>"; };
		8FDEE19A1A78CF1300EC3762 /* AppDelegate.h */ = {isa = PBXFileReference; lastKnownFileType = sourcecode.c.h; path = AppDelegate.h; sourceTree = "<group>"; };
		8FDEE19B1A78CF1300EC3762 /* AppDelegate.m */ = {isa = PBXFileReference; lastKnownFileType = sourcecode.c.objc; path = AppDelegate.m; sourceTree = "<group>"; };
		8FDEE19D1A78CF1300EC3762 /* Home.h */ = {isa = PBXFileReference; lastKnownFileType = sourcecode.c.h; path = Home.h; sourceTree = "<group>"; };
		8FDEE19E1A78CF1300EC3762 /* Home.m */ = {isa = PBXFileReference; lastKnownFileType = sourcecode.c.objc; path = Home.m; sourceTree = "<group>"; };
		8FDEE1A11A78CF1300EC3762 /* Base */ = {isa = PBXFileReference; lastKnownFileType = file.storyboard; name = Base; path = Base.lproj/Main.storyboard; sourceTree = "<group>"; };
		8FDEE1A31A78CF1300EC3762 /* Images.xcassets */ = {isa = PBXFileReference; lastKnownFileType = folder.assetcatalog; path = Images.xcassets; sourceTree = "<group>"; };
		8FDEE1A61A78CF1300EC3762 /* Base */ = {isa = PBXFileReference; lastKnownFileType = file.xib; name = Base; path = Base.lproj/LaunchScreen.xib; sourceTree = "<group>"; };
		8FDEE1AC1A78CF1300EC3762 /* AgendaTests.xctest */ = {isa = PBXFileReference; explicitFileType = wrapper.cfbundle; includeInIndex = 0; path = AgendaTests.xctest; sourceTree = BUILT_PRODUCTS_DIR; };
		8FDEE1B11A78CF1300EC3762 /* Info.plist */ = {isa = PBXFileReference; lastKnownFileType = text.plist.xml; path = Info.plist; sourceTree = "<group>"; };
		8FDEE1B21A78CF1300EC3762 /* AgendaTests.m */ = {isa = PBXFileReference; lastKnownFileType = sourcecode.c.objc; path = AgendaTests.m; sourceTree = "<group>"; };
		8FDEE1BD1A78D69B00EC3762 /* contact-icon.png */ = {isa = PBXFileReference; lastKnownFileType = image.png; path = "contact-icon.png"; sourceTree = "<group>"; };
		8FDEE1BF1A78D78800EC3762 /* blur.jpg */ = {isa = PBXFileReference; lastKnownFileType = image.jpeg; path = blur.jpg; sourceTree = "<group>"; };
		8FDEE1C11A78D89700EC3762 /* AltaForm.h */ = {isa = PBXFileReference; fileEncoding = 4; lastKnownFileType = sourcecode.c.h; name = AltaForm.h; path = ../AltaForm.h; sourceTree = "<group>"; };
		8FDEE1C21A78D89700EC3762 /* AltaForm.m */ = {isa = PBXFileReference; fileEncoding = 4; lastKnownFileType = sourcecode.c.objc; name = AltaForm.m; path = ../AltaForm.m; sourceTree = "<group>"; };
		8FDEE1C41A78DA0A00EC3762 /* arrow-back-icon.png */ = {isa = PBXFileReference; lastKnownFileType = image.png; path = "arrow-back-icon.png"; sourceTree = "<group>"; };
		8FDEE1C61A78DBA800EC3762 /* EliminaForm.h */ = {isa = PBXFileReference; fileEncoding = 4; lastKnownFileType = sourcecode.c.h; name = EliminaForm.h; path = ../EliminaForm.h; sourceTree = "<group>"; };
		8FDEE1C71A78DBA800EC3762 /* EliminaForm.m */ = {isa = PBXFileReference; fileEncoding = 4; lastKnownFileType = sourcecode.c.objc; name = EliminaForm.m; path = ../EliminaForm.m; sourceTree = "<group>"; };
		8FDEE1C91A78DC9D00EC3762 /* EditaForm.h */ = {isa = PBXFileReference; fileEncoding = 4; lastKnownFileType = sourcecode.c.h; name = EditaForm.h; path = ../EditaForm.h; sourceTree = "<group>"; };
		8FDEE1CA1A78DC9D00EC3762 /* EditaForm.m */ = {isa = PBXFileReference; fileEncoding = 4; lastKnownFileType = sourcecode.c.objc; name = EditaForm.m; path = ../EditaForm.m; sourceTree = "<group>"; };
		8FDEE1CC1A78DDD000EC3762 /* ListadoForm.h */ = {isa = PBXFileReference; fileEncoding = 4; lastKnownFileType = sourcecode.c.h; name = ListadoForm.h; path = ../ListadoForm.h; sourceTree = "<group>"; };
		8FDEE1CD1A78DDD000EC3762 /* ListadoForm.m */ = {isa = PBXFileReference; fileEncoding = 4; lastKnownFileType = sourcecode.c.objc; name = ListadoForm.m; path = ../ListadoForm.m; sourceTree = "<group>"; };
/* End PBXFileReference section */

/* Begin PBXFrameworksBuildPhase section */
		8FDEE1901A78CF1300EC3762 /* Frameworks */ = {
			isa = PBXFrameworksBuildPhase;
			buildActionMask = 2147483647;
			files = (
			);
			runOnlyForDeploymentPostprocessing = 0;
		};
		8FDEE1A91A78CF1300EC3762 /* Frameworks */ = {
			isa = PBXFrameworksBuildPhase;
			buildActionMask = 2147483647;
			files = (
			);
			runOnlyForDeploymentPostprocessing = 0;
		};
/* End PBXFrameworksBuildPhase section */

/* Begin PBXGroup section */
		8FDEE18A1A78CF1300EC3762 = {
			isa = PBXGroup;
			children = (
				8FDEE1951A78CF1300EC3762 /* Agenda */,
				8FDEE1AF1A78CF1300EC3762 /* AgendaTests */,
				8FDEE1941A78CF1300EC3762 /* Products */,
			);
			sourceTree = "<group>";
		};
		8FDEE1941A78CF1300EC3762 /* Products */ = {
			isa = PBXGroup;
			children = (
				8FDEE1931A78CF1300EC3762 /* Agenda.app */,
				8FDEE1AC1A78CF1300EC3762 /* AgendaTests.xctest */,
			);
			name = Products;
			sourceTree = "<group>";
		};
		8FDEE1951A78CF1300EC3762 /* Agenda */ = {
			isa = PBXGroup;
			children = (
				8FDEE1BC1A78D68E00EC3762 /* Imagenes */,
				8FDEE1C11A78D89700EC3762 /* AltaForm.h */,
				8FDEE1C21A78D89700EC3762 /* AltaForm.m */,
				8FDEE1C61A78DBA800EC3762 /* EliminaForm.h */,
				8FDEE1C71A78DBA800EC3762 /* EliminaForm.m */,
				8FDEE1C91A78DC9D00EC3762 /* EditaForm.h */,
				8FDEE1CA1A78DC9D00EC3762 /* EditaForm.m */,
				8FDEE1CC1A78DDD000EC3762 /* ListadoForm.h */,
				8FDEE1CD1A78DDD000EC3762 /* ListadoForm.m */,
				8FDEE19A1A78CF1300EC3762 /* AppDelegate.h */,
				8FDEE19B1A78CF1300EC3762 /* AppDelegate.m */,
				8FDEE19D1A78CF1300EC3762 /* Home.h */,
				8FDEE19E1A78CF1300EC3762 /* Home.m */,
				8FDEE1A01A78CF1300EC3762 /* Main.storyboard */,
				8FDEE1A31A78CF1300EC3762 /* Images.xcassets */,
				8FDEE1A51A78CF1300EC3762 /* LaunchScreen.xib */,
				8FDEE1961A78CF1300EC3762 /* Supporting Files */,
			);
			path = Agenda;
			sourceTree = "<group>";
		};
		8FDEE1961A78CF1300EC3762 /* Supporting Files */ = {
			isa = PBXGroup;
			children = (
				8FDEE1971A78CF1300EC3762 /* Info.plist */,
				8FDEE1981A78CF1300EC3762 /* main.m */,
			);
			name = "Supporting Files";
			sourceTree = "<group>";
		};
		8FDEE1AF1A78CF1300EC3762 /* AgendaTests */ = {
			isa = PBXGroup;
			children = (
				8FDEE1B21A78CF1300EC3762 /* AgendaTests.m */,
				8FDEE1B01A78CF1300EC3762 /* Supporting Files */,
			);
			path = AgendaTests;
			sourceTree = "<group>";
		};
		8FDEE1B01A78CF1300EC3762 /* Supporting Files */ = {
			isa = PBXGroup;
			children = (
				8FDEE1B11A78CF1300EC3762 /* Info.plist */,
			);
			name = "Supporting Files";
			sourceTree = "<group>";
		};
		8FDEE1BC1A78D68E00EC3762 /* Imagenes */ = {
			isa = PBXGroup;
			children = (
				8FDEE1C41A78DA0A00EC3762 /* arrow-back-icon.png */,
				8FDEE1BF1A78D78800EC3762 /* blur.jpg */,
				8FDEE1BD1A78D69B00EC3762 /* contact-icon.png */,
			);
			name = Imagenes;
			sourceTree = "<group>";
		};
/* End PBXGroup section */

/* Begin PBXNativeTarget section */
		8FDEE1921A78CF1300EC3762 /* Agenda */ = {
			isa = PBXNativeTarget;
			buildConfigurationList = 8FDEE1B61A78CF1400EC3762 /* Build configuration list for PBXNativeTarget "Agenda" */;
			buildPhases = (
				8FDEE18F1A78CF1300EC3762 /* Sources */,
				8FDEE1901A78CF1300EC3762 /* Frameworks */,
				8FDEE1911A78CF1300EC3762 /* Resources */,
			);
			buildRules = (
			);
			dependencies = (
			);
			name = Agenda;
			productName = Agenda;
			productReference = 8FDEE1931A78CF1300EC3762 /* Agenda.app */;
			productType = "com.apple.product-type.application";
		};
		8FDEE1AB1A78CF1300EC3762 /* AgendaTests */ = {
			isa = PBXNativeTarget;
			buildConfigurationList = 8FDEE1B91A78CF1400EC3762 /* Build configuration list for PBXNativeTarget "AgendaTests" */;
			buildPhases = (
				8FDEE1A81A78CF1300EC3762 /* Sources */,
				8FDEE1A91A78CF1300EC3762 /* Frameworks */,
				8FDEE1AA1A78CF1300EC3762 /* Resources */,
			);
			buildRules = (
			);
			dependencies = (
				8FDEE1AE1A78CF1300EC3762 /* PBXTargetDependency */,
			);
			name = AgendaTests;
			productName = AgendaTests;
			productReference = 8FDEE1AC1A78CF1300EC3762 /* AgendaTests.xctest */;
			productType = "com.apple.product-type.bundle.unit-test";
		};
/* End PBXNativeTarget section */

/* Begin PBXProject section */
		8FDEE18B1A78CF1300EC3762 /* Project object */ = {
			isa = PBXProject;
			attributes = {
				LastUpgradeCheck = 0610;
				ORGANIZATIONNAME = TRON;
				TargetAttributes = {
					8FDEE1921A78CF1300EC3762 = {
						CreatedOnToolsVersion = 6.1.1;
					};
					8FDEE1AB1A78CF1300EC3762 = {
						CreatedOnToolsVersion = 6.1.1;
						TestTargetID = 8FDEE1921A78CF1300EC3762;
					};
				};
			};
			buildConfigurationList = 8FDEE18E1A78CF1300EC3762 /* Build configuration list for PBXProject "Agenda" */;
			compatibilityVersion = "Xcode 3.2";
			developmentRegion = English;
			hasScannedForEncodings = 0;
			knownRegions = (
				en,
				Base,
			);
			mainGroup = 8FDEE18A1A78CF1300EC3762;
			productRefGroup = 8FDEE1941A78CF1300EC3762 /* Products */;
			projectDirPath = "";
			projectRoot = "";
			targets = (
				8FDEE1921A78CF1300EC3762 /* Agenda */,
				8FDEE1AB1A78CF1300EC3762 /* AgendaTests */,
			);
		};
/* End PBXProject section */

/* Begin PBXResourcesBuildPhase section */
		8FDEE1911A78CF1300EC3762 /* Resources */ = {
			isa = PBXResourcesBuildPhase;
			buildActionMask = 2147483647;
			files = (
				8FDEE1A21A78CF1300EC3762 /* Main.storyboard in Resources */,
				8FDEE1C01A78D78800EC3762 /* blur.jpg in Resources */,
				8FDEE1BE1A78D69B00EC3762 /* contact-icon.png in Resources */,
				8FDEE1C51A78DA0A00EC3762 /* arrow-back-icon.png in Resources */,
				8FDEE1A71A78CF1300EC3762 /* LaunchScreen.xib in Resources */,
				8FDEE1A41A78CF1300EC3762 /* Images.xcassets in Resources */,
			);
			runOnlyForDeploymentPostprocessing = 0;
		};
		8FDEE1AA1A78CF1300EC3762 /* Resources */ = {
			isa = PBXResourcesBuildPhase;
			buildActionMask = 2147483647;
			files = (
			);
			runOnlyForDeploymentPostprocessing = 0;
		};
/* End PBXResourcesBuildPhase section */

/* Begin PBXSourcesBuildPhase section */
		8FDEE18F1A78CF1300EC3762 /* Sources */ = {
			isa = PBXSourcesBuildPhase;
			buildActionMask = 2147483647;
			files = (
				8FDEE19F1A78CF1300EC3762 /* Home.m in Sources */,
				8FDEE1CB1A78DC9D00EC3762 /* EditaForm.m in Sources */,
				8FDEE1C81A78DBA800EC3762 /* EliminaForm.m in Sources */,
				8FDEE19C1A78CF1300EC3762 /* AppDelegate.m in Sources */,
				8FDEE1991A78CF1300EC3762 /* main.m in Sources */,
				8FDEE1C31A78D89700EC3762 /* AltaForm.m in Sources */,
				8FDEE1CE1A78DDD000EC3762 /* ListadoForm.m in Sources */,
			);
			runOnlyForDeploymentPostprocessing = 0;
		};
		8FDEE1A81A78CF1300EC3762 /* Sources */ = {
			isa = PBXSourcesBuildPhase;
			buildActionMask = 2147483647;
			files = (
				8FDEE1B31A78CF1300EC3762 /* AgendaTests.m in Sources */,
			);
			runOnlyForDeploymentPostprocessing = 0;
		};
/* End PBXSourcesBuildPhase section */

/* Begin PBXTargetDependency section */
		8FDEE1AE1A78CF1300EC3762 /* PBXTargetDependency */ = {
			isa = PBXTargetDependency;
			target = 8FDEE1921A78CF1300EC3762 /* Agenda */;
			targetProxy = 8FDEE1AD1A78CF1300EC3762 /* PBXContainerItemProxy */;
		};
/* End PBXTargetDependency section */

/* Begin PBXVariantGroup section */
		8FDEE1A01A78CF1300EC3762 /* Main.storyboard */ = {
			isa = PBXVariantGroup;
			children = (
				8FDEE1A11A78CF1300EC3762 /* Base */,
			);
			name = Main.storyboard;
			sourceTree = "<group>";
		};
		8FDEE1A51A78CF1300EC3762 /* LaunchScreen.xib */ = {
			isa = PBXVariantGroup;
			children = (
				8FDEE1A61A78CF1300EC3762 /* Base */,
			);
			name = LaunchScreen.xib;
			sourceTree = "<group>";
		};
/* End PBXVariantGroup section */

/* Begin XCBuildConfiguration section */
		8FDEE1B41A78CF1400EC3762 /* Debug */ = {
			isa = XCBuildConfiguration;
			buildSettings = {
				ALWAYS_SEARCH_USER_PATHS = NO;
				CLANG_CXX_LANGUAGE_STANDARD = "gnu++0x";
				CLANG_CXX_LIBRARY = "libc++";
				CLANG_ENABLE_MODULES = YES;
				CLANG_ENABLE_OBJC_ARC = YES;
				CLANG_WARN_BOOL_CONVERSION = YES;
				CLANG_WARN_CONSTANT_CONVERSION = YES;
				CLANG_WARN_DIRECT_OBJC_ISA_USAGE = YES_ERROR;
				CLANG_WARN_EMPTY_BODY = YES;
				CLANG_WARN_ENUM_CONVERSION = YES;
				CLANG_WARN_INT_CONVERSION = YES;
				CLANG_WARN_OBJC_ROOT_CLASS = YES_ERROR;
				CLANG_WARN_UNREACHABLE_CODE = YES;
				CLANG_WARN__DUPLICATE_METHOD_MATCH = YES;
				"CODE_SIGN_IDENTITY[sdk=iphoneos*]" = "iPhone Developer";
				COPY_PHASE_STRIP = NO;
				ENABLE_STRICT_OBJC_MSGSEND = YES;
				GCC_C_LANGUAGE_STANDARD = gnu99;
				GCC_DYNAMIC_NO_PIC = NO;
				GCC_OPTIMIZATION_LEVEL = 0;
				GCC_PREPROCESSOR_DEFINITIONS = (
					"DEBUG=1",
					"$(inherited)",
				);
				GCC_SYMBOLS_PRIVATE_EXTERN = NO;
				GCC_WARN_64_TO_32_BIT_CONVERSION = YES;
				GCC_WARN_ABOUT_RETURN_TYPE = YES_ERROR;
				GCC_WARN_UNDECLARED_SELECTOR = YES;
				GCC_WARN_UNINITIALIZED_AUTOS = YES_AGGRESSIVE;
				GCC_WARN_UNUSED_FUNCTION = YES;
				GCC_WARN_UNUSED_VARIABLE = YES;
				IPHONEOS_DEPLOYMENT_TARGET = 8.1;
				MTL_ENABLE_DEBUG_INFO = YES;
				ONLY_ACTIVE_ARCH = YES;
				SDKROOT = iphoneos;
			};
			name = Debug;
		};
		8FDEE1B51A78CF1400EC3762 /* Release */ = {
			isa = XCBuildConfiguration;
			buildSettings = {
				ALWAYS_SEARCH_USER_PATHS = NO;
				CLANG_CXX_LANGUAGE_STANDARD = "gnu++0x";
				CLANG_CXX_LIBRARY = "libc++";
				CLANG_ENABLE_MODULES = YES;
				CLANG_ENABLE_OBJC_ARC = YES;
				CLANG_WARN_BOOL_CONVERSION = YES;
				CLANG_WARN_CONSTANT_CONVERSION = YES;
				CLANG_WARN_DIRECT_OBJC_ISA_USAGE = YES_ERROR;
				CLANG_WARN_EMPTY_BODY = YES;
				CLANG_WARN_ENUM_CONVERSION = YES;
				CLANG_WARN_INT_CONVERSION = YES;
				CLANG_WARN_OBJC_ROOT_CLASS = YES_ERROR;
				CLANG_WARN_UNREACHABLE_CODE = YES;
				CLANG_WARN__DUPLICATE_METHOD_MATCH = YES;
				"CODE_SIGN_IDENTITY[sdk=iphoneos*]" = "iPhone Developer";
				COPY_PHASE_STRIP = YES;
				ENABLE_NS_ASSERTIONS = NO;
				ENABLE_STRICT_OBJC_MSGSEND = YES;
				GCC_C_LANGUAGE_STANDARD = gnu99;
				GCC_WARN_64_TO_32_BIT_CONVERSION = YES;
				GCC_WARN_ABOUT_RETURN_TYPE = YES_ERROR;
				GCC_WARN_UNDECLARED_SELECTOR = YES;
				GCC_WARN_UNINITIALIZED_AUTOS = YES_AGGRESSIVE;
				GCC_WARN_UNUSED_FUNCTION = YES;
				GCC_WARN_UNUSED_VARIABLE = YES;
				IPHONEOS_DEPLOYMENT_TARGET = 8.1;
				MTL_ENABLE_DEBUG_INFO = NO;
				SDKROOT = iphoneos;
				VALIDATE_PRODUCT = YES;
			};
			name = Release;
		};
		8FDEE1B71A78CF1400EC3762 /* Debug */ = {
			isa = XCBuildConfiguration;
			buildSettings = {
				ASSETCATALOG_COMPILER_APPICON_NAME = AppIcon;
				INFOPLIST_FILE = Agenda/Info.plist;
				IPHONEOS_DEPLOYMENT_TARGET = 8.0;
				LD_RUNPATH_SEARCH_PATHS = "$(inherited) @executable_path/Frameworks";
				PRODUCT_NAME = "$(TARGET_NAME)";
			};
			name = Debug;
		};
		8FDEE1B81A78CF1400EC3762 /* Release */ = {
			isa = XCBuildConfiguration;
			buildSettings = {
				ASSETCATALOG_COMPILER_APPICON_NAME = AppIcon;
				INFOPLIST_FILE = Agenda/Info.plist;
				IPHONEOS_DEPLOYMENT_TARGET = 8.0;
				LD_RUNPATH_SEARCH_PATHS = "$(inherited) @executable_path/Frameworks";
				PRODUCT_NAME = "$(TARGET_NAME)";
			};
			name = Release;
		};
		8FDEE1BA1A78CF1400EC3762 /* Debug */ = {
			isa = XCBuildConfiguration;
			buildSettings = {
				BUNDLE_LOADER = "$(TEST_HOST)";
				FRAMEWORK_SEARCH_PATHS = (
					"$(SDKROOT)/Developer/Library/Frameworks",
					"$(inherited)",
				);
				GCC_PREPROCESSOR_DEFINITIONS = (
					"DEBUG=1",
					"$(inherited)",
				);
				INFOPLIST_FILE = AgendaTests/Info.plist;
				LD_RUNPATH_SEARCH_PATHS = "$(inherited) @executable_path/Frameworks @loader_path/Frameworks";
				PRODUCT_NAME = "$(TARGET_NAME)";
				TEST_HOST = "$(BUILT_PRODUCTS_DIR)/Agenda.app/Agenda";
			};
			name = Debug;
		};
		8FDEE1BB1A78CF1400EC3762 /* Release */ = {
			isa = XCBuildConfiguration;
			buildSettings = {
				BUNDLE_LOADER = "$(TEST_HOST)";
				FRAMEWORK_SEARCH_PATHS = (
					"$(SDKROOT)/Developer/Library/Frameworks",
					"$(inherited)",
				);
				INFOPLIST_FILE = AgendaTests/Info.plist;
				LD_RUNPATH_SEARCH_PATHS = "$(inherited) @executable_path/Frameworks @loader_path/Frameworks";
				PRODUCT_NAME = "$(TARGET_NAME)";
				TEST_HOST = "$(BUILT_PRODUCTS_DIR)/Agenda.app/Agenda";
			};
			name = Release;
		};
/* End XCBuildConfiguration section */

/* Begin XCConfigurationList section */
		8FDEE18E1A78CF1300EC3762 /* Build configuration list for PBXProject "Agenda" */ = {
			isa = XCConfigurationList;
			buildConfigurations = (
				8FDEE1B41A78CF1400EC3762 /* Debug */,
				8FDEE1B51A78CF1400EC3762 /* Release */,
			);
			defaultConfigurationIsVisible = 0;
			defaultConfigurationName = Release;
		};
		8FDEE1B61A78CF1400EC3762 /* Build configuration list for PBXNativeTarget "Agenda" */ = {
			isa = XCConfigurationList;
			buildConfigurations = (
				8FDEE1B71A78CF1400EC3762 /* Debug */,
				8FDEE1B81A78CF1400EC3762 /* Release */,
			);
			defaultConfigurationIsVisible = 0;
		};
		8FDEE1B91A78CF1400EC3762 /* Build configuration list for PBXNativeTarget "AgendaTests" */ = {
			isa = XCConfigurationList;
			buildConfigurations = (
				8FDEE1BA1A78CF1400EC3762 /* Debug */,
				8FDEE1BB1A78CF1400EC3762 /* Release */,
			);
			defaultConfigurationIsVisible = 0;
		};
/* End XCConfigurationList section */
	};
	rootObject = 8FDEE18B1A78CF1300EC3762 /* Project object */;
}
